Microsoft Visual Studio Solution File, Format Version 12.00
# Visual Studio Version 17
VisualStudioVersion = 17.5.2.0
MinimumVisualStudioVersion = 10.0.40219.1
Project("{FAE04EC0-301F-11D3-BF4B-00C04F79EFBC}") = "DesafioFundamentos", "DesafioFundamentos.csproj", "{F18A8CD4-2EDB-5651-7085-57246B6923B7}"
EndProject
Global
	GlobalSection(SolutionConfigurationPlatforms) = preSolution
		Debug|Any CPU = Debug|Any CPU
		Release|Any CPU = Release|Any CPU
	EndGlobalSection
	GlobalSection(ProjectConfigurationPlatforms) = postSolution
		{F18A8CD4-2EDB-5651-7085-57246B6923B7}.Debug|Any CPU.ActiveCfg = Debug|Any CPU
		{F18A8CD4-2EDB-5651-7085-57246B6923B7}.Debug|Any CPU.Build.0 = Debug|Any CPU
		{F18A8CD4-2EDB-5651-7085-57246B6923B7}.Release|Any CPU.ActiveCfg = Release|Any CPU
		{F18A8CD4-2EDB-5651-7085-57246B6923B7}.Release|Any CPU.Build.0 = Release|Any CPU
	EndGlobalSection
	GlobalSection(SolutionProperties) = preSolution
		HideSolutionNode = FALSE
	EndGlobalSection
	GlobalSection(ExtensibilityGlobals) = postSolution
		SolutionGuid = {94688F4B-34E9-4DF3-8848-A5D37B222189}
	EndGlobalSection
EndGlobal
